
Microsoft Visual Studio Solution File, Format Version 12.00
# Visual Studio Version 17
VisualStudioVersion = 17.1.32210.238
MinimumVisualStudioVersion = 10.0.40219.1
Project("{FAE04EC0-301F-11D3-BF4B-00C04F79EFBC}") = "LoopApp1", "LoopApp1\LoopApp1.csproj", "{CECA801D-B309-42BE-A045-A31CD7C7A0D5}"
EndProject
Global
	GlobalSection(SolutionConfigurationPlatforms) = preSolution
		Debug|Any CPU = Debug|Any CPU
		Release|Any CPU = Release|Any CPU
	EndGlobalSection
	GlobalSection(ProjectConfigurationPlatforms) = postSolution
		{CECA801D-B309-42BE-A045-A31CD7C7A0D5}.Debug|Any CPU.ActiveCfg = Debug|Any CPU
		{CECA801D-B309-42BE-A045-A31CD7C7A0D5}.Debug|Any CPU.Build.0 = Debug|Any CPU
		{CECA801D-B309-42BE-A045-A31CD7C7A0D5}.Release|Any CPU.ActiveCfg = Release|Any CPU
		{CECA801D-B309-42BE-A045-A31CD7C7A0D5}.Release|Any CPU.Build.0 = Release|Any CPU
	EndGlobalSection
	GlobalSection(SolutionProperties) = preSolution
		HideSolutionNode = FALSE
	EndGlobalSection
	GlobalSection(ExtensibilityGlobals) = postSolution
		SolutionGuid = {0F830133-D313-49AA-A40A-143FA046E9C1}
	EndGlobalSection
EndGlobal
