
Microsoft Visual Studio Solution File, Format Version 12.00
# Visual Studio Version 17
VisualStudioVersion = 17.1.32210.238
MinimumVisualStudioVersion = 10.0.40219.1
Project("{FAE04EC0-301F-11D3-BF4B-00C04F79EFBC}") = "OverloadApp", "OverloadApp\OverloadApp.csproj", "{89D54010-D237-496F-B761-FAE00CAEBD2D}"
EndProject
Global
	GlobalSection(SolutionConfigurationPlatforms) = preSolution
		Debug|Any CPU = Debug|Any CPU
		Release|Any CPU = Release|Any CPU
	EndGlobalSection
	GlobalSection(ProjectConfigurationPlatforms) = postSolution
		{89D54010-D237-496F-B761-FAE00CAEBD2D}.Debug|Any CPU.ActiveCfg = Debug|Any CPU
		{89D54010-D237-496F-B761-FAE00CAEBD2D}.Debug|Any CPU.Build.0 = Debug|Any CPU
		{89D54010-D237-496F-B761-FAE00CAEBD2D}.Release|Any CPU.ActiveCfg = Release|Any CPU
		{89D54010-D237-496F-B761-FAE00CAEBD2D}.Release|Any CPU.Build.0 = Release|Any CPU
	EndGlobalSection
	GlobalSection(SolutionProperties) = preSolution
		HideSolutionNode = FALSE
	EndGlobalSection
	GlobalSection(ExtensibilityGlobals) = postSolution
		SolutionGuid = {AFA31AA8-66B6-4AFE-A9D1-9FFEADEDDEF0}
	EndGlobalSection
EndGlobal
